<?xml version="1.0" encoding="utf-8"?>
<Project ToolsVersion="17.0" xmlns="http://schemas.microsoft.com/developer/msbuild/2003">
  <ItemGroup>
    <ClCompile Include="D:\Angsss\ai-accounting-assistant\src\whisper\whisper.cpp\ggml\src\ggml-cpu\ggml-cpu.c">
      <Filter>Source Files</Filter>
    </ClCompile>
    <ClCompile Include="D:\Angsss\ai-accounting-assistant\src\whisper\whisper.cpp\ggml\src\ggml-cpu\ggml-cpu.cpp">
      <Filter>Source Files</Filter>
    </ClCompile>
    <ClCompile Include="D:\Angsss\ai-accounting-assistant\src\whisper\whisper.cpp\ggml\src\ggml-cpu\ggml-cpu-aarch64.cpp">
      <Filter>Source Files</Filter>
    </ClCompile>
    <ClCompile Include="D:\Angsss\ai-accounting-assistant\src\whisper\whisper.cpp\ggml\src\ggml-cpu\ggml-cpu-hbm.cpp">
      <Filter>Source Files</Filter>
    </ClCompile>
    <ClCompile Include="D:\Angsss\ai-accounting-assistant\src\whisper\whisper.cpp\ggml\src\ggml-cpu\ggml-cpu-quants.c">
      <Filter>Source Files</Filter>
    </ClCompile>
    <ClCompile Include="D:\Angsss\ai-accounting-assistant\src\whisper\whisper.cpp\ggml\src\ggml-cpu\ggml-cpu-traits.cpp">
      <Filter>Source Files</Filter>
    </ClCompile>
    <ClCompile Include="D:\Angsss\ai-accounting-assistant\src\whisper\whisper.cpp\ggml\src\ggml-cpu\amx\amx.cpp">
      <Filter>Source Files</Filter>
    </ClCompile>
    <ClCompile Include="D:\Angsss\ai-accounting-assistant\src\whisper\whisper.cpp\ggml\src\ggml-cpu\amx\mmq.cpp">
      <Filter>Source Files</Filter>
    </ClCompile>
    <ClCompile Include="D:\Angsss\ai-accounting-assistant\src\whisper\whisper.cpp\ggml\src\ggml-cpu\binary-ops.cpp">
      <Filter>Source Files</Filter>
    </ClCompile>
    <ClCompile Include="D:\Angsss\ai-accounting-assistant\src\whisper\whisper.cpp\ggml\src\ggml-cpu\unary-ops.cpp">
      <Filter>Source Files</Filter>
    </ClCompile>
  </ItemGroup>
  <ItemGroup>
    <ClInclude Include="D:\Angsss\ai-accounting-assistant\src\whisper\whisper.cpp\ggml\src\ggml-cpu\ggml-cpu-aarch64.h">
      <Filter>Header Files</Filter>
    </ClInclude>
    <ClInclude Include="D:\Angsss\ai-accounting-assistant\src\whisper\whisper.cpp\ggml\src\ggml-cpu\ggml-cpu-hbm.h">
      <Filter>Header Files</Filter>
    </ClInclude>
    <ClInclude Include="D:\Angsss\ai-accounting-assistant\src\whisper\whisper.cpp\ggml\src\ggml-cpu\ggml-cpu-quants.h">
      <Filter>Header Files</Filter>
    </ClInclude>
    <ClInclude Include="D:\Angsss\ai-accounting-assistant\src\whisper\whisper.cpp\ggml\src\ggml-cpu\ggml-cpu-traits.h">
      <Filter>Header Files</Filter>
    </ClInclude>
    <ClInclude Include="D:\Angsss\ai-accounting-assistant\src\whisper\whisper.cpp\ggml\src\ggml-cpu\amx\amx.h">
      <Filter>Header Files</Filter>
    </ClInclude>
    <ClInclude Include="D:\Angsss\ai-accounting-assistant\src\whisper\whisper.cpp\ggml\src\ggml-cpu\amx\mmq.h">
      <Filter>Header Files</Filter>
    </ClInclude>
    <ClInclude Include="D:\Angsss\ai-accounting-assistant\src\whisper\whisper.cpp\ggml\src\ggml-cpu\ggml-cpu-impl.h">
      <Filter>Header Files</Filter>
    </ClInclude>
    <ClInclude Include="D:\Angsss\ai-accounting-assistant\src\whisper\whisper.cpp\ggml\src\ggml-cpu\common.h">
      <Filter>Header Files</Filter>
    </ClInclude>
    <ClInclude Include="D:\Angsss\ai-accounting-assistant\src\whisper\whisper.cpp\ggml\src\ggml-cpu\binary-ops.h">
      <Filter>Header Files</Filter>
    </ClInclude>
    <ClInclude Include="D:\Angsss\ai-accounting-assistant\src\whisper\whisper.cpp\ggml\src\ggml-cpu\unary-ops.h">
      <Filter>Header Files</Filter>
    </ClInclude>
  </ItemGroup>
  <ItemGroup>
    <CustomBuild Include="D:\Angsss\ai-accounting-assistant\src\whisper\whisper.cpp\ggml\src\CMakeLists.txt" />
  </ItemGroup>
  <ItemGroup>
    <Filter Include="Header Files">
      <UniqueIdentifier>{795298E6-2D33-398E-AAF3-DD6A957E9947}</UniqueIdentifier>
    </Filter>
    <Filter Include="Source Files">
      <UniqueIdentifier>{1D80AE1C-A51C-3EE1-8C0F-6EA74A9A031B}</UniqueIdentifier>
    </Filter>
  </ItemGroup>
</Project>
