
Microsoft Visual Studio Solution File, Format Version 12.00
# Visual Studio Version 17
Project("{8BC9CEB8-8B4A-11D0-8D11-00A0C91BC942}") = "ALL_BUILD", "ALL_BUILD.vcxproj", "{A4939353-D2F1-306E-AB24-B27FE0FA2B1B}"
	ProjectSection(ProjectDependencies) = postProject
		{059F92A8-AD04-3F15-A53E-28C2A2B73C86} = {059F92A8-AD04-3F15-A53E-28C2A2B73C86}
		{BFA71753-809D-36E6-8DD9-CD04745CE2E1} = {BFA71753-809D-36E6-8DD9-CD04745CE2E1}
		{A903FCBB-EC87-3E63-BD9A-81CF390370FB} = {A903FCBB-EC87-3E63-BD9A-81CF390370FB}
		{FBD8B5EF-9768-3A8A-AB34-A4373910B05C} = {FBD8B5EF-9768-3A8A-AB34-A4373910B05C}
		{2B0F8A77-0D30-3490-B0B5-0935E79D8A9C} = {2B0F8A77-0D30-3490-B0B5-0935E79D8A9C}
		{C35CAB4D-7B80-3A4F-A719-9BDF71F44957} = {C35CAB4D-7B80-3A4F-A719-9BDF71F44957}
		{1ACBC001-ED21-366D-91A0-C7B9979EEC0F} = {1ACBC001-ED21-366D-91A0-C7B9979EEC0F}
		{092FE0E7-C8A3-3958-BA73-42F1AFE0752F} = {092FE0E7-C8A3-3958-BA73-42F1AFE0752F}
		{42D30A1B-F0AB-3C81-9623-9DA8D78B631C} = {42D30A1B-F0AB-3C81-9623-9DA8D78B631C}
		{1F9E346C-04EA-3952-B2C0-9D2FE2A51D5D} = {1F9E346C-04EA-3952-B2C0-9D2FE2A51D5D}
		{A4B626F2-E6F4-35D2-8506-00580D545C89} = {A4B626F2-E6F4-35D2-8506-00580D545C89}
		{6271FDE4-864E-31CF-AC1F-37B8025FA438} = {6271FDE4-864E-31CF-AC1F-37B8025FA438}
	EndProjectSection
EndProject
Project("{8BC9CEB8-8B4A-11D0-8D11-00A0C91BC942}") = "Continuous", "Continuous.vcxproj", "{3512BD7F-4E0D-325C-BCA8-65E612169B7B}"
	ProjectSection(ProjectDependencies) = postProject
		{059F92A8-AD04-3F15-A53E-28C2A2B73C86} = {059F92A8-AD04-3F15-A53E-28C2A2B73C86}
	EndProjectSection
EndProject
Project("{8BC9CEB8-8B4A-11D0-8D11-00A0C91BC942}") = "Experimental", "Experimental.vcxproj", "{BE64AA05-688F-3B1B-87A6-F5094F10EE3F}"
	ProjectSection(ProjectDependencies) = postProject
		{059F92A8-AD04-3F15-A53E-28C2A2B73C86} = {059F92A8-AD04-3F15-A53E-28C2A2B73C86}
	EndProjectSection
EndProject
Project("{8BC9CEB8-8B4A-11D0-8D11-00A0C91BC942}") = "INSTALL", "INSTALL.vcxproj", "{11BA23DE-D96B-3B89-8652-3788084F78F2}"
	ProjectSection(ProjectDependencies) = postProject
		{A4939353-D2F1-306E-AB24-B27FE0FA2B1B} = {A4939353-D2F1-306E-AB24-B27FE0FA2B1B}
		{059F92A8-AD04-3F15-A53E-28C2A2B73C86} = {059F92A8-AD04-3F15-A53E-28C2A2B73C86}
	EndProjectSection
EndProject
Project("{8BC9CEB8-8B4A-11D0-8D11-00A0C91BC942}") = "Nightly", "Nightly.vcxproj", "{B822A8B9-695E-3809-8650-6E613F54573C}"
	ProjectSection(ProjectDependencies) = postProject
		{059F92A8-AD04-3F15-A53E-28C2A2B73C86} = {059F92A8-AD04-3F15-A53E-28C2A2B73C86}
	EndProjectSection
EndProject
Project("{8BC9CEB8-8B4A-11D0-8D11-00A0C91BC942}") = "NightlyMemoryCheck", "NightlyMemoryCheck.vcxproj", "{29CA307C-69C8-3D47-892A-C988B9C57C66}"
	ProjectSection(ProjectDependencies) = postProject
		{059F92A8-AD04-3F15-A53E-28C2A2B73C86} = {059F92A8-AD04-3F15-A53E-28C2A2B73C86}
	EndProjectSection
EndProject
Project("{8BC9CEB8-8B4A-11D0-8D11-00A0C91BC942}") = "RUN_TESTS", "RUN_TESTS.vcxproj", "{07CE6B66-E1D2-3180-AB11-0E1E35A34B1E}"
	ProjectSection(ProjectDependencies) = postProject
		{059F92A8-AD04-3F15-A53E-28C2A2B73C86} = {059F92A8-AD04-3F15-A53E-28C2A2B73C86}
	EndProjectSection
EndProject
Project("{8BC9CEB8-8B4A-11D0-8D11-00A0C91BC942}") = "ZERO_CHECK", "ZERO_CHECK.vcxproj", "{059F92A8-AD04-3F15-A53E-28C2A2B73C86}"
	ProjectSection(ProjectDependencies) = postProject
	EndProjectSection
EndProject
Project("{8BC9CEB8-8B4A-11D0-8D11-00A0C91BC942}") = "bench", "examples\deprecation-warning\bench.vcxproj", "{BFA71753-809D-36E6-8DD9-CD04745CE2E1}"
	ProjectSection(ProjectDependencies) = postProject
		{059F92A8-AD04-3F15-A53E-28C2A2B73C86} = {059F92A8-AD04-3F15-A53E-28C2A2B73C86}
	EndProjectSection
EndProject
Project("{8BC9CEB8-8B4A-11D0-8D11-00A0C91BC942}") = "common", "examples\common.vcxproj", "{A903FCBB-EC87-3E63-BD9A-81CF390370FB}"
	ProjectSection(ProjectDependencies) = postProject
		{059F92A8-AD04-3F15-A53E-28C2A2B73C86} = {059F92A8-AD04-3F15-A53E-28C2A2B73C86}
		{FBD8B5EF-9768-3A8A-AB34-A4373910B05C} = {FBD8B5EF-9768-3A8A-AB34-A4373910B05C}
		{2B0F8A77-0D30-3490-B0B5-0935E79D8A9C} = {2B0F8A77-0D30-3490-B0B5-0935E79D8A9C}
		{C35CAB4D-7B80-3A4F-A719-9BDF71F44957} = {C35CAB4D-7B80-3A4F-A719-9BDF71F44957}
		{42D30A1B-F0AB-3C81-9623-9DA8D78B631C} = {42D30A1B-F0AB-3C81-9623-9DA8D78B631C}
	EndProjectSection
EndProject
Project("{8BC9CEB8-8B4A-11D0-8D11-00A0C91BC942}") = "ggml", "ggml\src\ggml.vcxproj", "{FBD8B5EF-9768-3A8A-AB34-A4373910B05C}"
	ProjectSection(ProjectDependencies) = postProject
		{059F92A8-AD04-3F15-A53E-28C2A2B73C86} = {059F92A8-AD04-3F15-A53E-28C2A2B73C86}
		{2B0F8A77-0D30-3490-B0B5-0935E79D8A9C} = {2B0F8A77-0D30-3490-B0B5-0935E79D8A9C}
		{C35CAB4D-7B80-3A4F-A719-9BDF71F44957} = {C35CAB4D-7B80-3A4F-A719-9BDF71F44957}
	EndProjectSection
EndProject
Project("{8BC9CEB8-8B4A-11D0-8D11-00A0C91BC942}") = "ggml-base", "ggml\src\ggml-base.vcxproj", "{2B0F8A77-0D30-3490-B0B5-0935E79D8A9C}"
	ProjectSection(ProjectDependencies) = postProject
		{059F92A8-AD04-3F15-A53E-28C2A2B73C86} = {059F92A8-AD04-3F15-A53E-28C2A2B73C86}
	EndProjectSection
EndProject
Project("{8BC9CEB8-8B4A-11D0-8D11-00A0C91BC942}") = "ggml-cpu", "ggml\src\ggml-cpu.vcxproj", "{C35CAB4D-7B80-3A4F-A719-9BDF71F44957}"
	ProjectSection(ProjectDependencies) = postProject
		{059F92A8-AD04-3F15-A53E-28C2A2B73C86} = {059F92A8-AD04-3F15-A53E-28C2A2B73C86}
		{2B0F8A77-0D30-3490-B0B5-0935E79D8A9C} = {2B0F8A77-0D30-3490-B0B5-0935E79D8A9C}
	EndProjectSection
EndProject
Project("{8BC9CEB8-8B4A-11D0-8D11-00A0C91BC942}") = "main", "examples\deprecation-warning\main.vcxproj", "{1ACBC001-ED21-366D-91A0-C7B9979EEC0F}"
	ProjectSection(ProjectDependencies) = postProject
		{059F92A8-AD04-3F15-A53E-28C2A2B73C86} = {059F92A8-AD04-3F15-A53E-28C2A2B73C86}
	EndProjectSection
EndProject
Project("{8BC9CEB8-8B4A-11D0-8D11-00A0C91BC942}") = "quantize", "examples\quantize\quantize.vcxproj", "{092FE0E7-C8A3-3958-BA73-42F1AFE0752F}"
	ProjectSection(ProjectDependencies) = postProject
		{059F92A8-AD04-3F15-A53E-28C2A2B73C86} = {059F92A8-AD04-3F15-A53E-28C2A2B73C86}
		{A903FCBB-EC87-3E63-BD9A-81CF390370FB} = {A903FCBB-EC87-3E63-BD9A-81CF390370FB}
		{FBD8B5EF-9768-3A8A-AB34-A4373910B05C} = {FBD8B5EF-9768-3A8A-AB34-A4373910B05C}
		{2B0F8A77-0D30-3490-B0B5-0935E79D8A9C} = {2B0F8A77-0D30-3490-B0B5-0935E79D8A9C}
		{C35CAB4D-7B80-3A4F-A719-9BDF71F44957} = {C35CAB4D-7B80-3A4F-A719-9BDF71F44957}
		{42D30A1B-F0AB-3C81-9623-9DA8D78B631C} = {42D30A1B-F0AB-3C81-9623-9DA8D78B631C}
	EndProjectSection
EndProject
Project("{8BC9CEB8-8B4A-11D0-8D11-00A0C91BC942}") = "whisper", "src\whisper.vcxproj", "{42D30A1B-F0AB-3C81-9623-9DA8D78B631C}"
	ProjectSection(ProjectDependencies) = postProject
		{059F92A8-AD04-3F15-A53E-28C2A2B73C86} = {059F92A8-AD04-3F15-A53E-28C2A2B73C86}
		{FBD8B5EF-9768-3A8A-AB34-A4373910B05C} = {FBD8B5EF-9768-3A8A-AB34-A4373910B05C}
		{2B0F8A77-0D30-3490-B0B5-0935E79D8A9C} = {2B0F8A77-0D30-3490-B0B5-0935E79D8A9C}
		{C35CAB4D-7B80-3A4F-A719-9BDF71F44957} = {C35CAB4D-7B80-3A4F-A719-9BDF71F44957}
	EndProjectSection
EndProject
Project("{8BC9CEB8-8B4A-11D0-8D11-00A0C91BC942}") = "whisper-bench", "examples\bench\whisper-bench.vcxproj", "{1F9E346C-04EA-3952-B2C0-9D2FE2A51D5D}"
	ProjectSection(ProjectDependencies) = postProject
		{059F92A8-AD04-3F15-A53E-28C2A2B73C86} = {059F92A8-AD04-3F15-A53E-28C2A2B73C86}
		{FBD8B5EF-9768-3A8A-AB34-A4373910B05C} = {FBD8B5EF-9768-3A8A-AB34-A4373910B05C}
		{2B0F8A77-0D30-3490-B0B5-0935E79D8A9C} = {2B0F8A77-0D30-3490-B0B5-0935E79D8A9C}
		{C35CAB4D-7B80-3A4F-A719-9BDF71F44957} = {C35CAB4D-7B80-3A4F-A719-9BDF71F44957}
		{42D30A1B-F0AB-3C81-9623-9DA8D78B631C} = {42D30A1B-F0AB-3C81-9623-9DA8D78B631C}
	EndProjectSection
EndProject
Project("{8BC9CEB8-8B4A-11D0-8D11-00A0C91BC942}") = "whisper-cli", "examples\cli\whisper-cli.vcxproj", "{A4B626F2-E6F4-35D2-8506-00580D545C89}"
	ProjectSection(ProjectDependencies) = postProject
		{059F92A8-AD04-3F15-A53E-28C2A2B73C86} = {059F92A8-AD04-3F15-A53E-28C2A2B73C86}
		{A903FCBB-EC87-3E63-BD9A-81CF390370FB} = {A903FCBB-EC87-3E63-BD9A-81CF390370FB}
		{FBD8B5EF-9768-3A8A-AB34-A4373910B05C} = {FBD8B5EF-9768-3A8A-AB34-A4373910B05C}
		{2B0F8A77-0D30-3490-B0B5-0935E79D8A9C} = {2B0F8A77-0D30-3490-B0B5-0935E79D8A9C}
		{C35CAB4D-7B80-3A4F-A719-9BDF71F44957} = {C35CAB4D-7B80-3A4F-A719-9BDF71F44957}
		{42D30A1B-F0AB-3C81-9623-9DA8D78B631C} = {42D30A1B-F0AB-3C81-9623-9DA8D78B631C}
	EndProjectSection
EndProject
Project("{8BC9CEB8-8B4A-11D0-8D11-00A0C91BC942}") = "whisper-server", "examples\server\whisper-server.vcxproj", "{6271FDE4-864E-31CF-AC1F-37B8025FA438}"
	ProjectSection(ProjectDependencies) = postProject
		{059F92A8-AD04-3F15-A53E-28C2A2B73C86} = {059F92A8-AD04-3F15-A53E-28C2A2B73C86}
		{A903FCBB-EC87-3E63-BD9A-81CF390370FB} = {A903FCBB-EC87-3E63-BD9A-81CF390370FB}
		{FBD8B5EF-9768-3A8A-AB34-A4373910B05C} = {FBD8B5EF-9768-3A8A-AB34-A4373910B05C}
		{2B0F8A77-0D30-3490-B0B5-0935E79D8A9C} = {2B0F8A77-0D30-3490-B0B5-0935E79D8A9C}
		{C35CAB4D-7B80-3A4F-A719-9BDF71F44957} = {C35CAB4D-7B80-3A4F-A719-9BDF71F44957}
		{42D30A1B-F0AB-3C81-9623-9DA8D78B631C} = {42D30A1B-F0AB-3C81-9623-9DA8D78B631C}
	EndProjectSection
EndProject
Global
	GlobalSection(SolutionConfigurationPlatforms) = preSolution
		Debug|x64 = Debug|x64
		Release|x64 = Release|x64
		MinSizeRel|x64 = MinSizeRel|x64
		RelWithDebInfo|x64 = RelWithDebInfo|x64
	EndGlobalSection
	GlobalSection(ProjectConfigurationPlatforms) = postSolution
		{A4939353-D2F1-306E-AB24-B27FE0FA2B1B}.Debug|x64.ActiveCfg = Debug|x64
		{A4939353-D2F1-306E-AB24-B27FE0FA2B1B}.Debug|x64.Build.0 = Debug|x64
		{A4939353-D2F1-306E-AB24-B27FE0FA2B1B}.Release|x64.ActiveCfg = Release|x64
		{A4939353-D2F1-306E-AB24-B27FE0FA2B1B}.Release|x64.Build.0 = Release|x64
		{A4939353-D2F1-306E-AB24-B27FE0FA2B1B}.MinSizeRel|x64.ActiveCfg = MinSizeRel|x64
		{A4939353-D2F1-306E-AB24-B27FE0FA2B1B}.MinSizeRel|x64.Build.0 = MinSizeRel|x64
		{A4939353-D2F1-306E-AB24-B27FE0FA2B1B}.RelWithDebInfo|x64.ActiveCfg = RelWithDebInfo|x64
		{A4939353-D2F1-306E-AB24-B27FE0FA2B1B}.RelWithDebInfo|x64.Build.0 = RelWithDebInfo|x64
		{3512BD7F-4E0D-325C-BCA8-65E612169B7B}.Debug|x64.ActiveCfg = Debug|x64
		{3512BD7F-4E0D-325C-BCA8-65E612169B7B}.Release|x64.ActiveCfg = Release|x64
		{3512BD7F-4E0D-325C-BCA8-65E612169B7B}.MinSizeRel|x64.ActiveCfg = MinSizeRel|x64
		{3512BD7F-4E0D-325C-BCA8-65E612169B7B}.RelWithDebInfo|x64.ActiveCfg = RelWithDebInfo|x64
		{BE64AA05-688F-3B1B-87A6-F5094F10EE3F}.Debug|x64.ActiveCfg = Debug|x64
		{BE64AA05-688F-3B1B-87A6-F5094F10EE3F}.Release|x64.ActiveCfg = Release|x64
		{BE64AA05-688F-3B1B-87A6-F5094F10EE3F}.MinSizeRel|x64.ActiveCfg = MinSizeRel|x64
		{BE64AA05-688F-3B1B-87A6-F5094F10EE3F}.RelWithDebInfo|x64.ActiveCfg = RelWithDebInfo|x64
		{11BA23DE-D96B-3B89-8652-3788084F78F2}.Debug|x64.ActiveCfg = Debug|x64
		{11BA23DE-D96B-3B89-8652-3788084F78F2}.Release|x64.ActiveCfg = Release|x64
		{11BA23DE-D96B-3B89-8652-3788084F78F2}.MinSizeRel|x64.ActiveCfg = MinSizeRel|x64
		{11BA23DE-D96B-3B89-8652-3788084F78F2}.RelWithDebInfo|x64.ActiveCfg = RelWithDebInfo|x64
		{B822A8B9-695E-3809-8650-6E613F54573C}.Debug|x64.ActiveCfg = Debug|x64
		{B822A8B9-695E-3809-8650-6E613F54573C}.Release|x64.ActiveCfg = Release|x64
		{B822A8B9-695E-3809-8650-6E613F54573C}.MinSizeRel|x64.ActiveCfg = MinSizeRel|x64
		{B822A8B9-695E-3809-8650-6E613F54573C}.RelWithDebInfo|x64.ActiveCfg = RelWithDebInfo|x64
		{29CA307C-69C8-3D47-892A-C988B9C57C66}.Debug|x64.ActiveCfg = Debug|x64
		{29CA307C-69C8-3D47-892A-C988B9C57C66}.Release|x64.ActiveCfg = Release|x64
		{29CA307C-69C8-3D47-892A-C988B9C57C66}.MinSizeRel|x64.ActiveCfg = MinSizeRel|x64
		{29CA307C-69C8-3D47-892A-C988B9C57C66}.RelWithDebInfo|x64.ActiveCfg = RelWithDebInfo|x64
		{07CE6B66-E1D2-3180-AB11-0E1E35A34B1E}.Debug|x64.ActiveCfg = Debug|x64
		{07CE6B66-E1D2-3180-AB11-0E1E35A34B1E}.Release|x64.ActiveCfg = Release|x64
		{07CE6B66-E1D2-3180-AB11-0E1E35A34B1E}.MinSizeRel|x64.ActiveCfg = MinSizeRel|x64
		{07CE6B66-E1D2-3180-AB11-0E1E35A34B1E}.RelWithDebInfo|x64.ActiveCfg = RelWithDebInfo|x64
		{059F92A8-AD04-3F15-A53E-28C2A2B73C86}.Debug|x64.ActiveCfg = Debug|x64
		{059F92A8-AD04-3F15-A53E-28C2A2B73C86}.Debug|x64.Build.0 = Debug|x64
		{059F92A8-AD04-3F15-A53E-28C2A2B73C86}.Release|x64.ActiveCfg = Release|x64
		{059F92A8-AD04-3F15-A53E-28C2A2B73C86}.Release|x64.Build.0 = Release|x64
		{059F92A8-AD04-3F15-A53E-28C2A2B73C86}.MinSizeRel|x64.ActiveCfg = MinSizeRel|x64
		{059F92A8-AD04-3F15-A53E-28C2A2B73C86}.MinSizeRel|x64.Build.0 = MinSizeRel|x64
		{059F92A8-AD04-3F15-A53E-28C2A2B73C86}.RelWithDebInfo|x64.ActiveCfg = RelWithDebInfo|x64
		{059F92A8-AD04-3F15-A53E-28C2A2B73C86}.RelWithDebInfo|x64.Build.0 = RelWithDebInfo|x64
		{BFA71753-809D-36E6-8DD9-CD04745CE2E1}.Debug|x64.ActiveCfg = Debug|x64
		{BFA71753-809D-36E6-8DD9-CD04745CE2E1}.Debug|x64.Build.0 = Debug|x64
		{BFA71753-809D-36E6-8DD9-CD04745CE2E1}.Release|x64.ActiveCfg = Release|x64
		{BFA71753-809D-36E6-8DD9-CD04745CE2E1}.Release|x64.Build.0 = Release|x64
		{BFA71753-809D-36E6-8DD9-CD04745CE2E1}.MinSizeRel|x64.ActiveCfg = MinSizeRel|x64
		{BFA71753-809D-36E6-8DD9-CD04745CE2E1}.MinSizeRel|x64.Build.0 = MinSizeRel|x64
		{BFA71753-809D-36E6-8DD9-CD04745CE2E1}.RelWithDebInfo|x64.ActiveCfg = RelWithDebInfo|x64
		{BFA71753-809D-36E6-8DD9-CD04745CE2E1}.RelWithDebInfo|x64.Build.0 = RelWithDebInfo|x64
		{A903FCBB-EC87-3E63-BD9A-81CF390370FB}.Debug|x64.ActiveCfg = Debug|x64
		{A903FCBB-EC87-3E63-BD9A-81CF390370FB}.Debug|x64.Build.0 = Debug|x64
		{A903FCBB-EC87-3E63-BD9A-81CF390370FB}.Release|x64.ActiveCfg = Release|x64
		{A903FCBB-EC87-3E63-BD9A-81CF390370FB}.Release|x64.Build.0 = Release|x64
		{A903FCBB-EC87-3E63-BD9A-81CF390370FB}.MinSizeRel|x64.ActiveCfg = MinSizeRel|x64
		{A903FCBB-EC87-3E63-BD9A-81CF390370FB}.MinSizeRel|x64.Build.0 = MinSizeRel|x64
		{A903FCBB-EC87-3E63-BD9A-81CF390370FB}.RelWithDebInfo|x64.ActiveCfg = RelWithDebInfo|x64
		{A903FCBB-EC87-3E63-BD9A-81CF390370FB}.RelWithDebInfo|x64.Build.0 = RelWithDebInfo|x64
		{FBD8B5EF-9768-3A8A-AB34-A4373910B05C}.Debug|x64.ActiveCfg = Debug|x64
		{FBD8B5EF-9768-3A8A-AB34-A4373910B05C}.Debug|x64.Build.0 = Debug|x64
		{FBD8B5EF-9768-3A8A-AB34-A4373910B05C}.Release|x64.ActiveCfg = Release|x64
		{FBD8B5EF-9768-3A8A-AB34-A4373910B05C}.Release|x64.Build.0 = Release|x64
		{FBD8B5EF-9768-3A8A-AB34-A4373910B05C}.MinSizeRel|x64.ActiveCfg = MinSizeRel|x64
		{FBD8B5EF-9768-3A8A-AB34-A4373910B05C}.MinSizeRel|x64.Build.0 = MinSizeRel|x64
		{FBD8B5EF-9768-3A8A-AB34-A4373910B05C}.RelWithDebInfo|x64.ActiveCfg = RelWithDebInfo|x64
		{FBD8B5EF-9768-3A8A-AB34-A4373910B05C}.RelWithDebInfo|x64.Build.0 = RelWithDebInfo|x64
		{2B0F8A77-0D30-3490-B0B5-0935E79D8A9C}.Debug|x64.ActiveCfg = Debug|x64
		{2B0F8A77-0D30-3490-B0B5-0935E79D8A9C}.Debug|x64.Build.0 = Debug|x64
		{2B0F8A77-0D30-3490-B0B5-0935E79D8A9C}.Release|x64.ActiveCfg = Release|x64
		{2B0F8A77-0D30-3490-B0B5-0935E79D8A9C}.Release|x64.Build.0 = Release|x64
		{2B0F8A77-0D30-3490-B0B5-0935E79D8A9C}.MinSizeRel|x64.ActiveCfg = MinSizeRel|x64
		{2B0F8A77-0D30-3490-B0B5-0935E79D8A9C}.MinSizeRel|x64.Build.0 = MinSizeRel|x64
		{2B0F8A77-0D30-3490-B0B5-0935E79D8A9C}.RelWithDebInfo|x64.ActiveCfg = RelWithDebInfo|x64
		{2B0F8A77-0D30-3490-B0B5-0935E79D8A9C}.RelWithDebInfo|x64.Build.0 = RelWithDebInfo|x64
		{C35CAB4D-7B80-3A4F-A719-9BDF71F44957}.Debug|x64.ActiveCfg = Debug|x64
		{C35CAB4D-7B80-3A4F-A719-9BDF71F44957}.Debug|x64.Build.0 = Debug|x64
		{C35CAB4D-7B80-3A4F-A719-9BDF71F44957}.Release|x64.ActiveCfg = Release|x64
		{C35CAB4D-7B80-3A4F-A719-9BDF71F44957}.Release|x64.Build.0 = Release|x64
		{C35CAB4D-7B80-3A4F-A719-9BDF71F44957}.MinSizeRel|x64.ActiveCfg = MinSizeRel|x64
		{C35CAB4D-7B80-3A4F-A719-9BDF71F44957}.MinSizeRel|x64.Build.0 = MinSizeRel|x64
		{C35CAB4D-7B80-3A4F-A719-9BDF71F44957}.RelWithDebInfo|x64.ActiveCfg = RelWithDebInfo|x64
		{C35CAB4D-7B80-3A4F-A719-9BDF71F44957}.RelWithDebInfo|x64.Build.0 = RelWithDebInfo|x64
		{1ACBC001-ED21-366D-91A0-C7B9979EEC0F}.Debug|x64.ActiveCfg = Debug|x64
		{1ACBC001-ED21-366D-91A0-C7B9979EEC0F}.Debug|x64.Build.0 = Debug|x64
		{1ACBC001-ED21-366D-91A0-C7B9979EEC0F}.Release|x64.ActiveCfg = Release|x64
		{1ACBC001-ED21-366D-91A0-C7B9979EEC0F}.Release|x64.Build.0 = Release|x64
		{1ACBC001-ED21-366D-91A0-C7B9979EEC0F}.MinSizeRel|x64.ActiveCfg = MinSizeRel|x64
		{1ACBC001-ED21-366D-91A0-C7B9979EEC0F}.MinSizeRel|x64.Build.0 = MinSizeRel|x64
		{1ACBC001-ED21-366D-91A0-C7B9979EEC0F}.RelWithDebInfo|x64.ActiveCfg = RelWithDebInfo|x64
		{1ACBC001-ED21-366D-91A0-C7B9979EEC0F}.RelWithDebInfo|x64.Build.0 = RelWithDebInfo|x64
		{092FE0E7-C8A3-3958-BA73-42F1AFE0752F}.Debug|x64.ActiveCfg = Debug|x64
		{092FE0E7-C8A3-3958-BA73-42F1AFE0752F}.Debug|x64.Build.0 = Debug|x64
		{092FE0E7-C8A3-3958-BA73-42F1AFE0752F}.Release|x64.ActiveCfg = Release|x64
		{092FE0E7-C8A3-3958-BA73-42F1AFE0752F}.Release|x64.Build.0 = Release|x64
		{092FE0E7-C8A3-3958-BA73-42F1AFE0752F}.MinSizeRel|x64.ActiveCfg = MinSizeRel|x64
		{092FE0E7-C8A3-3958-BA73-42F1AFE0752F}.MinSizeRel|x64.Build.0 = MinSizeRel|x64
		{092FE0E7-C8A3-3958-BA73-42F1AFE0752F}.RelWithDebInfo|x64.ActiveCfg = RelWithDebInfo|x64
		{092FE0E7-C8A3-3958-BA73-42F1AFE0752F}.RelWithDebInfo|x64.Build.0 = RelWithDebInfo|x64
		{42D30A1B-F0AB-3C81-9623-9DA8D78B631C}.Debug|x64.ActiveCfg = Debug|x64
		{42D30A1B-F0AB-3C81-9623-9DA8D78B631C}.Debug|x64.Build.0 = Debug|x64
		{42D30A1B-F0AB-3C81-9623-9DA8D78B631C}.Release|x64.ActiveCfg = Release|x64
		{42D30A1B-F0AB-3C81-9623-9DA8D78B631C}.Release|x64.Build.0 = Release|x64
		{42D30A1B-F0AB-3C81-9623-9DA8D78B631C}.MinSizeRel|x64.ActiveCfg = MinSizeRel|x64
		{42D30A1B-F0AB-3C81-9623-9DA8D78B631C}.MinSizeRel|x64.Build.0 = MinSizeRel|x64
		{42D30A1B-F0AB-3C81-9623-9DA8D78B631C}.RelWithDebInfo|x64.ActiveCfg = RelWithDebInfo|x64
		{42D30A1B-F0AB-3C81-9623-9DA8D78B631C}.RelWithDebInfo|x64.Build.0 = RelWithDebInfo|x64
		{1F9E346C-04EA-3952-B2C0-9D2FE2A51D5D}.Debug|x64.ActiveCfg = Debug|x64
		{1F9E346C-04EA-3952-B2C0-9D2FE2A51D5D}.Debug|x64.Build.0 = Debug|x64
		{1F9E346C-04EA-3952-B2C0-9D2FE2A51D5D}.Release|x64.ActiveCfg = Release|x64
		{1F9E346C-04EA-3952-B2C0-9D2FE2A51D5D}.Release|x64.Build.0 = Release|x64
		{1F9E346C-04EA-3952-B2C0-9D2FE2A51D5D}.MinSizeRel|x64.ActiveCfg = MinSizeRel|x64
		{1F9E346C-04EA-3952-B2C0-9D2FE2A51D5D}.MinSizeRel|x64.Build.0 = MinSizeRel|x64
		{1F9E346C-04EA-3952-B2C0-9D2FE2A51D5D}.RelWithDebInfo|x64.ActiveCfg = RelWithDebInfo|x64
		{1F9E346C-04EA-3952-B2C0-9D2FE2A51D5D}.RelWithDebInfo|x64.Build.0 = RelWithDebInfo|x64
		{A4B626F2-E6F4-35D2-8506-00580D545C89}.Debug|x64.ActiveCfg = Debug|x64
		{A4B626F2-E6F4-35D2-8506-00580D545C89}.Debug|x64.Build.0 = Debug|x64
		{A4B626F2-E6F4-35D2-8506-00580D545C89}.Release|x64.ActiveCfg = Release|x64
		{A4B626F2-E6F4-35D2-8506-00580D545C89}.Release|x64.Build.0 = Release|x64
		{A4B626F2-E6F4-35D2-8506-00580D545C89}.MinSizeRel|x64.ActiveCfg = MinSizeRel|x64
		{A4B626F2-E6F4-35D2-8506-00580D545C89}.MinSizeRel|x64.Build.0 = MinSizeRel|x64
		{A4B626F2-E6F4-35D2-8506-00580D545C89}.RelWithDebInfo|x64.ActiveCfg = RelWithDebInfo|x64
		{A4B626F2-E6F4-35D2-8506-00580D545C89}.RelWithDebInfo|x64.Build.0 = RelWithDebInfo|x64
		{6271FDE4-864E-31CF-AC1F-37B8025FA438}.Debug|x64.ActiveCfg = Debug|x64
		{6271FDE4-864E-31CF-AC1F-37B8025FA438}.Debug|x64.Build.0 = Debug|x64
		{6271FDE4-864E-31CF-AC1F-37B8025FA438}.Release|x64.ActiveCfg = Release|x64
		{6271FDE4-864E-31CF-AC1F-37B8025FA438}.Release|x64.Build.0 = Release|x64
		{6271FDE4-864E-31CF-AC1F-37B8025FA438}.MinSizeRel|x64.ActiveCfg = MinSizeRel|x64
		{6271FDE4-864E-31CF-AC1F-37B8025FA438}.MinSizeRel|x64.Build.0 = MinSizeRel|x64
		{6271FDE4-864E-31CF-AC1F-37B8025FA438}.RelWithDebInfo|x64.ActiveCfg = RelWithDebInfo|x64
		{6271FDE4-864E-31CF-AC1F-37B8025FA438}.RelWithDebInfo|x64.Build.0 = RelWithDebInfo|x64
	EndGlobalSection
	GlobalSection(ExtensibilityGlobals) = postSolution
		SolutionGuid = {58DFDDE8-6F03-38F8-90EE-015752DDD6E0}
	EndGlobalSection
	GlobalSection(ExtensibilityAddIns) = postSolution
	EndGlobalSection
EndGlobal
