<?xml version="1.0" encoding="utf-8"?>
<Project ToolsVersion="17.0" xmlns="http://schemas.microsoft.com/developer/msbuild/2003">
  <ItemGroup>
    <ClCompile Include="D:\Angsss\ai-accounting-assistant\src\whisper\whisper.cpp\examples\server\server.cpp">
      <Filter>Source Files</Filter>
    </ClCompile>
  </ItemGroup>
  <ItemGroup>
    <ClInclude Include="D:\Angsss\ai-accounting-assistant\src\whisper\whisper.cpp\examples\server\httplib.h">
      <Filter>Header Files</Filter>
    </ClInclude>
  </ItemGroup>
  <ItemGroup>
    <CustomBuild Include="D:\Angsss\ai-accounting-assistant\src\whisper\whisper.cpp\examples\server\CMakeLists.txt" />
  </ItemGroup>
  <ItemGroup>
    <Filter Include="Header Files">
      <UniqueIdentifier>{795298E6-2D33-398E-AAF3-DD6A957E9947}</UniqueIdentifier>
    </Filter>
    <Filter Include="Source Files">
      <UniqueIdentifier>{1D80AE1C-A51C-3EE1-8C0F-6EA74A9A031B}</UniqueIdentifier>
    </Filter>
  </ItemGroup>
</Project>
